
Microsoft Visual Studio Solution File, Format Version 12.00
# Visual Studio Version 17
VisualStudioVersion = 17.11.35005.142
MinimumVisualStudioVersion = 10.0.40219.1
Project("{FAE04EC0-301F-11D3-BF4B-00C04F79EFBC}") = "DotNet8BlogApiWithResultPattern", "DotNet8BlogApiWithResultPattern\DotNet8BlogApiWithResultPattern.csproj", "{07017626-0BAA-4AF9-B6A0-5EB8C1E31E3E}"
EndProject
Project("{FAE04EC0-301F-11D3-BF4B-00C04F79EFBC}") = "DotNet8BlogConsoleApp", "DotNet8BlogConsoleApp\DotNet8BlogConsoleApp.csproj", "{993F164D-6B56-4BAB-8140-B6A2CBE2AF07}"
EndProject
Global
	GlobalSection(SolutionConfigurationPlatforms) = preSolution
		Debug|Any CPU = Debug|Any CPU
		Release|Any CPU = Release|Any CPU
	EndGlobalSection
	GlobalSection(ProjectConfigurationPlatforms) = postSolution
		{07017626-0BAA-4AF9-B6A0-5EB8C1E31E3E}.Debug|Any CPU.ActiveCfg = Debug|Any CPU
		{07017626-0BAA-4AF9-B6A0-5EB8C1E31E3E}.Debug|Any CPU.Build.0 = Debug|Any CPU
		{07017626-0BAA-4AF9-B6A0-5EB8C1E31E3E}.Release|Any CPU.ActiveCfg = Release|Any CPU
		{07017626-0BAA-4AF9-B6A0-5EB8C1E31E3E}.Release|Any CPU.Build.0 = Release|Any CPU
		{993F164D-6B56-4BAB-8140-B6A2CBE2AF07}.Debug|Any CPU.ActiveCfg = Debug|Any CPU
		{993F164D-6B56-4BAB-8140-B6A2CBE2AF07}.Debug|Any CPU.Build.0 = Debug|Any CPU
		{993F164D-6B56-4BAB-8140-B6A2CBE2AF07}.Release|Any CPU.ActiveCfg = Release|Any CPU
		{993F164D-6B56-4BAB-8140-B6A2CBE2AF07}.Release|Any CPU.Build.0 = Release|Any CPU
	EndGlobalSection
	GlobalSection(SolutionProperties) = preSolution
		HideSolutionNode = FALSE
	EndGlobalSection
	GlobalSection(ExtensibilityGlobals) = postSolution
		SolutionGuid = {5A4A618E-DDA1-475E-8811-7124BCEF655E}
	EndGlobalSection
EndGlobal
